// !$*UTF8*$!
{
	archiveVersion = 1;
	classes = {
	};
	objectVersion = 50;
	objects = {

/* Begin PBXBuildFile section */
		53ECE14523E89D960043B921 /* AppDelegate.swift in Sources */ = {isa = PBXBuildFile; fileRef = 53ECE14423E89D960043B921 /* AppDelegate.swift */; };
		53ECE14723E89D960043B921 /* GameScene.sks in Resources */ = {isa = PBXBuildFile; fileRef = 53ECE14623E89D960043B921 /* GameScene.sks */; };
		53ECE14923E89D960043B921 /* Actions.sks in Resources */ = {isa = PBXBuildFile; fileRef = 53ECE14823E89D960043B921 /* Actions.sks */; };
		53ECE14B23E89D960043B921 /* GameScene.swift in Sources */ = {isa = PBXBuildFile; fileRef = 53ECE14A23E89D960043B921 /* GameScene.swift */; };
		53ECE14D23E89D960043B921 /* GameViewController.swift in Sources */ = {isa = PBXBuildFile; fileRef = 53ECE14C23E89D960043B921 /* GameViewController.swift */; };
		53ECE15023E89D960043B921 /* Main.storyboard in Resources */ = {isa = PBXBuildFile; fileRef = 53ECE14E23E89D960043B921 /* Main.storyboard */; };
		53ECE15223E89D990043B921 /* Assets.xcassets in Resources */ = {isa = PBXBuildFile; fileRef = 53ECE15123E89D990043B921 /* Assets.xcassets */; };
		53ECE15523E89D990043B921 /* LaunchScreen.storyboard in Resources */ = {isa = PBXBuildFile; fileRef = 53ECE15323E89D990043B921 /* LaunchScreen.storyboard */; };
/* End PBXBuildFile section */

/* Begin PBXFileReference section */
		53ECE14123E89D960043B921 /* GitHubWorking.app */ = {isa = PBXFileReference; explicitFileType = wrapper.application; includeInIndex = 0; path = GitHubWorking.app; sourceTree = BUILT_PRODUCTS_DIR; };
		53ECE14423E89D960043B921 /* AppDelegate.swift */ = {isa = PBXFileReference; lastKnownFileType = sourcecode.swift; path = AppDelegate.swift; sourceTree = "<group>"; };
		53ECE14623E89D960043B921 /* GameScene.sks */ = {isa = PBXFileReference; lastKnownFileType = file.sks; path = GameScene.sks; sourceTree = "<group>"; };
		53ECE14823E89D960043B921 /* Actions.sks */ = {isa = PBXFileReference; lastKnownFileType = file.sks; path = Actions.sks; sourceTree = "<group>"; };
		53ECE14A23E89D960043B921 /* GameScene.swift */ = {isa = PBXFileReference; lastKnownFileType = sourcecode.swift; path = GameScene.swift; sourceTree = "<group>"; };
		53ECE14C23E89D960043B921 /* GameViewController.swift */ = {isa = PBXFileReference; lastKnownFileType = sourcecode.swift; path = GameViewController.swift; sourceTree = "<group>"; };
		53ECE14F23E89D960043B921 /* Base */ = {isa = PBXFileReference; lastKnownFileType = file.storyboard; name = Base; path = Base.lproj/Main.storyboard; sourceTree = "<group>"; };
		53ECE15123E89D990043B921 /* Assets.xcassets */ = {isa = PBXFileReference; lastKnownFileType = folder.assetcatalog; path = Assets.xcassets; sourceTree = "<group>"; };
		53ECE15423E89D990043B921 /* Base */ = {isa = PBXFileReference; lastKnownFileType = file.storyboard; name = Base; path = Base.lproj/LaunchScreen.storyboard; sourceTree = "<group>"; };
		53ECE15623E89D990043B921 /* Info.plist */ = {isa = PBXFileReference; lastKnownFileType = text.plist.xml; path = Info.plist; sourceTree = "<group>"; };
/* End PBXFileReference section */

/* Begin PBXFrameworksBuildPhase section */
		53ECE13E23E89D960043B921 /* Frameworks */ = {
			isa = PBXFrameworksBuildPhase;
			buildActionMask = 2147483647;
			files = (
			);
			runOnlyForDeploymentPostprocessing = 0;
		};
/* End PBXFrameworksBuildPhase section */

/* Begin PBXGroup section */
		53ECE13823E89D960043B921 = {
			isa = PBXGroup;
			children = (
				53ECE14323E89D960043B921 /* GitHubWorking */,
				53ECE14223E89D960043B921 /* Products */,
			);
			sourceTree = "<group>";
		};
		53ECE14223E89D960043B921 /* Products */ = {
			isa = PBXGroup;
			children = (
				53ECE14123E89D960043B921 /* GitHubWorking.app */,
			);
			name = Products;
			sourceTree = "<group>";
		};
		53ECE14323E89D960043B921 /* GitHubWorking */ = {
			isa = PBXGroup;
			children = (
				53ECE14423E89D960043B921 /* AppDelegate.swift */,
				53ECE14623E89D960043B921 /* GameScene.sks */,
				53ECE14823E89D960043B921 /* Actions.sks */,
				53ECE14A23E89D960043B921 /* GameScene.swift */,
				53ECE14C23E89D960043B921 /* GameViewController.swift */,
				53ECE14E23E89D960043B921 /* Main.storyboard */,
				53ECE15123E89D990043B921 /* Assets.xcassets */,
				53ECE15323E89D990043B921 /* LaunchScreen.storyboard */,
				53ECE15623E89D990043B921 /* Info.plist */,
			);
			path = GitHubWorking;
			sourceTree = "<group>";
		};
/* End PBXGroup section */

/* Begin PBXNativeTarget section */
		53ECE14023E89D960043B921 /* GitHubWorking */ = {
			isa = PBXNativeTarget;
			buildConfigurationList = 53ECE15923E89D990043B921 /* Build configuration list for PBXNativeTarget "GitHubWorking" */;
			buildPhases = (
				53ECE13D23E89D960043B921 /* Sources */,
				53ECE13E23E89D960043B921 /* Frameworks */,
				53ECE13F23E89D960043B921 /* Resources */,
			);
			buildRules = (
			);
			dependencies = (
			);
			name = GitHubWorking;
			productName = GitHubWorking;
			productReference = 53ECE14123E89D960043B921 /* GitHubWorking.app */;
			productType = "com.apple.product-type.application";
		};
/* End PBXNativeTarget section */

/* Begin PBXProject section */
		53ECE13923E89D960043B921 /* Project object */ = {
			isa = PBXProject;
			attributes = {
				LastSwiftUpdateCheck = 1130;
				LastUpgradeCheck = 1130;
				ORGANIZATIONNAME = "Anna Dubnoff (student LM)";
				TargetAttributes = {
					53ECE14023E89D960043B921 = {
						CreatedOnToolsVersion = 11.3.1;
					};
				};
			};
			buildConfigurationList = 53ECE13C23E89D960043B921 /* Build configuration list for PBXProject "GitHubWorking" */;
			compatibilityVersion = "Xcode 9.3";
			developmentRegion = en;
			hasScannedForEncodings = 0;
			knownRegions = (
				en,
				Base,
			);
			mainGroup = 53ECE13823E89D960043B921;
			productRefGroup = 53ECE14223E89D960043B921 /* Products */;
			projectDirPath = "";
			projectRoot = "";
			targets = (
				53ECE14023E89D960043B921 /* GitHubWorking */,
			);
		};
/* End PBXProject section */

/* Begin PBXResourcesBuildPhase section */
		53ECE13F23E89D960043B921 /* Resources */ = {
			isa = PBXResourcesBuildPhase;
			buildActionMask = 2147483647;
			files = (
				53ECE15023E89D960043B921 /* Main.storyboard in Resources */,
				53ECE14723E89D960043B921 /* GameScene.sks in Resources */,
				53ECE15223E89D990043B921 /* Assets.xcassets in Resources */,
				53ECE15523E89D990043B921 /* LaunchScreen.storyboard in Resources */,
				53ECE14923E89D960043B921 /* Actions.sks in Resources */,
			);
			runOnlyForDeploymentPostprocessing = 0;
		};
/* End PBXResourcesBuildPhase section */

/* Begin PBXSourcesBuildPhase section */
		53ECE13D23E89D960043B921 /* Sources */ = {
			isa = PBXSourcesBuildPhase;
			buildActionMask = 2147483647;
			files = (
				53ECE14B23E89D960043B921 /* GameScene.swift in Sources */,
				53ECE14D23E89D960043B921 /* GameViewController.swift in Sources */,
				53ECE14523E89D960043B921 /* AppDelegate.swift in Sources */,
			);
			runOnlyForDeploymentPostprocessing = 0;
		};
/* End PBXSourcesBuildPhase section */

/* Begin PBXVariantGroup section */
		53ECE14E23E89D960043B921 /* Main.storyboard */ = {
			isa = PBXVariantGroup;
			children = (
				53ECE14F23E89D960043B921 /* Base */,
			);
			name = Main.storyboard;
			sourceTree = "<group>";
		};
		53ECE15323E89D990043B921 /* LaunchScreen.storyboard */ = {
			isa = PBXVariantGroup;
			children = (
				53ECE15423E89D990043B921 /* Base */,
			);
			name = LaunchScreen.storyboard;
			sourceTree = "<group>";
		};
/* End PBXVariantGroup section */

/* Begin XCBuildConfiguration section */
		53ECE15723E89D990043B921 /* Debug */ = {
			isa = XCBuildConfiguration;
			buildSettings = {
				ALWAYS_SEARCH_USER_PATHS = NO;
				CLANG_ANALYZER_NONNULL = YES;
				CLANG_ANALYZER_NUMBER_OBJECT_CONVERSION = YES_AGGRESSIVE;
				CLANG_CXX_LANGUAGE_STANDARD = "gnu++14";
				CLANG_CXX_LIBRARY = "libc++";
				CLANG_ENABLE_MODULES = YES;
				CLANG_ENABLE_OBJC_ARC = YES;
				CLANG_ENABLE_OBJC_WEAK = YES;
				CLANG_WARN_BLOCK_CAPTURE_AUTORELEASING = YES;
				CLANG_WARN_BOOL_CONVERSION = YES;
				CLANG_WARN_COMMA = YES;
				CLANG_WARN_CONSTANT_CONVERSION = YES;
				CLANG_WARN_DEPRECATED_OBJC_IMPLEMENTATIONS = YES;
				CLANG_WARN_DIRECT_OBJC_ISA_USAGE = YES_ERROR;
				CLANG_WARN_DOCUMENTATION_COMMENTS = YES;
				CLANG_WARN_EMPTY_BODY = YES;
				CLANG_WARN_ENUM_CONVERSION = YES;
				CLANG_WARN_INFINITE_RECURSION = YES;
				CLANG_WARN_INT_CONVERSION = YES;
				CLANG_WARN_NON_LITERAL_NULL_CONVERSION = YES;
				CLANG_WARN_OBJC_IMPLICIT_RETAIN_SELF = YES;
				CLANG_WARN_OBJC_LITERAL_CONVERSION = YES;
				CLANG_WARN_OBJC_ROOT_CLASS = YES_ERROR;
				CLANG_WARN_RANGE_LOOP_ANALYSIS = YES;
				CLANG_WARN_STRICT_PROTOTYPES = YES;
				CLANG_WARN_SUSPICIOUS_MOVE = YES;
				CLANG_WARN_UNGUARDED_AVAILABILITY = YES_AGGRESSIVE;
				CLANG_WARN_UNREACHABLE_CODE = YES;
				CLANG_WARN__DUPLICATE_METHOD_MATCH = YES;
				COPY_PHASE_STRIP = NO;
				DEBUG_INFORMATION_FORMAT = dwarf;
				ENABLE_STRICT_OBJC_MSGSEND = YES;
				ENABLE_TESTABILITY = YES;
				GCC_C_LANGUAGE_STANDARD = gnu11;
				GCC_DYNAMIC_NO_PIC = NO;
				GCC_NO_COMMON_BLOCKS = YES;
				GCC_OPTIMIZATION_LEVEL = 0;
				GCC_PREPROCESSOR_DEFINITIONS = (
					"DEBUG=1",
					"$(inherited)",
				);
				GCC_WARN_64_TO_32_BIT_CONVERSION = YES;
				GCC_WARN_ABOUT_RETURN_TYPE = YES_ERROR;
				GCC_WARN_UNDECLARED_SELECTOR = YES;
				GCC_WARN_UNINITIALIZED_AUTOS = YES_AGGRESSIVE;
				GCC_WARN_UNUSED_FUNCTION = YES;
				GCC_WARN_UNUSED_VARIABLE = YES;
				IPHONEOS_DEPLOYMENT_TARGET = 13.2;
				MTL_ENABLE_DEBUG_INFO = INCLUDE_SOURCE;
				MTL_FAST_MATH = YES;
				ONLY_ACTIVE_ARCH = YES;
				SDKROOT = iphoneos;
				SWIFT_ACTIVE_COMPILATION_CONDITIONS = DEBUG;
				SWIFT_OPTIMIZATION_LEVEL = "-Onone";
			};
			name = Debug;
		};
		53ECE15823E89D990043B921 /* Release */ = {
			isa = XCBuildConfiguration;
			buildSettings = {
				ALWAYS_SEARCH_USER_PATHS = NO;
				CLANG_ANALYZER_NONNULL = YES;
				CLANG_ANALYZER_NUMBER_OBJECT_CONVERSION = YES_AGGRESSIVE;
				CLANG_CXX_LANGUAGE_STANDARD = "gnu++14";
				CLANG_CXX_LIBRARY = "libc++";
				CLANG_ENABLE_MODULES = YES;
				CLANG_ENABLE_OBJC_ARC = YES;
				CLANG_ENABLE_OBJC_WEAK = YES;
				CLANG_WARN_BLOCK_CAPTURE_AUTORELEASING = YES;
				CLANG_WARN_BOOL_CONVERSION = YES;
				CLANG_WARN_COMMA = YES;
				CLANG_WARN_CONSTANT_CONVERSION = YES;
				CLANG_WARN_DEPRECATED_OBJC_IMPLEMENTATIONS = YES;
				CLANG_WARN_DIRECT_OBJC_ISA_USAGE = YES_ERROR;
				CLANG_WARN_DOCUMENTATION_COMMENTS = YES;
				CLANG_WARN_EMPTY_BODY = YES;
				CLANG_WARN_ENUM_CONVERSION = YES;
				CLANG_WARN_INFINITE_RECURSION = YES;
				CLANG_WARN_INT_CONVERSION = YES;
				CLANG_WARN_NON_LITERAL_NULL_CONVERSION = YES;
				CLANG_WARN_OBJC_IMPLICIT_RETAIN_SELF = YES;
				CLANG_WARN_OBJC_LITERAL_CONVERSION = YES;
				CLANG_WARN_OBJC_ROOT_CLASS = YES_ERROR;
				CLANG_WARN_RANGE_LOOP_ANALYSIS = YES;
				CLANG_WARN_STRICT_PROTOTYPES = YES;
				CLANG_WARN_SUSPICIOUS_MOVE = YES;
				CLANG_WARN_UNGUARDED_AVAILABILITY = YES_AGGRESSIVE;
				CLANG_WARN_UNREACHABLE_CODE = YES;
				CLANG_WARN__DUPLICATE_METHOD_MATCH = YES;
				COPY_PHASE_STRIP = NO;
				DEBUG_INFORMATION_FORMAT = "dwarf-with-dsym";
				ENABLE_NS_ASSERTIONS = NO;
				ENABLE_STRICT_OBJC_MSGSEND = YES;
				GCC_C_LANGUAGE_STANDARD = gnu11;
				GCC_NO_COMMON_BLOCKS = YES;
				GCC_WARN_64_TO_32_BIT_CONVERSION = YES;
				GCC_WARN_ABOUT_RETURN_TYPE = YES_ERROR;
				GCC_WARN_UNDECLARED_SELECTOR = YES;
				GCC_WARN_UNINITIALIZED_AUTOS = YES_AGGRESSIVE;
				GCC_WARN_UNUSED_FUNCTION = YES;
				GCC_WARN_UNUSED_VARIABLE = YES;
				IPHONEOS_DEPLOYMENT_TARGET = 13.2;
				MTL_ENABLE_DEBUG_INFO = NO;
				MTL_FAST_MATH = YES;
				SDKROOT = iphoneos;
				SWIFT_COMPILATION_MODE = wholemodule;
				SWIFT_OPTIMIZATION_LEVEL = "-O";
				VALIDATE_PRODUCT = YES;
			};
			name = Release;
		};
		53ECE15A23E89D990043B921 /* Debug */ = {
			isa = XCBuildConfiguration;
			buildSettings = {
				ASSETCATALOG_COMPILER_APPICON_NAME = AppIcon;
				CODE_SIGN_STYLE = Automatic;
				INFOPLIST_FILE = GitHubWorking/Info.plist;
				LD_RUNPATH_SEARCH_PATHS = (
					"$(inherited)",
					"@executable_path/Frameworks",
				);
				PRODUCT_BUNDLE_IDENTIFIER = CP.GitHubWorking;
				PRODUCT_NAME = "$(TARGET_NAME)";
				SWIFT_VERSION = 5.0;
				TARGETED_DEVICE_FAMILY = "1,2";
			};
			name = Debug;
		};
		53ECE15B23E89D990043B921 /* Release */ = {
			isa = XCBuildConfiguration;
			buildSettings = {
				ASSETCATALOG_COMPILER_APPICON_NAME = AppIcon;
				CODE_SIGN_STYLE = Automatic;
				INFOPLIST_FILE = GitHubWorking/Info.plist;
				LD_RUNPATH_SEARCH_PATHS = (
					"$(inherited)",
					"@executable_path/Frameworks",
				);
				PRODUCT_BUNDLE_IDENTIFIER = CP.GitHubWorking;
				PRODUCT_NAME = "$(TARGET_NAME)";
				SWIFT_VERSION = 5.0;
				TARGETED_DEVICE_FAMILY = "1,2";
			};
			name = Release;
		};
/* End XCBuildConfiguration section */

/* Begin XCConfigurationList section */
		53ECE13C23E89D960043B921 /* Build configuration list for PBXProject "GitHubWorking" */ = {
			isa = XCConfigurationList;
			buildConfigurations = (
				53ECE15723E89D990043B921 /* Debug */,
				53ECE15823E89D990043B921 /* Release */,
			);
			defaultConfigurationIsVisible = 0;
			defaultConfigurationName = Release;
		};
		53ECE15923E89D990043B921 /* Build configuration list for PBXNativeTarget "GitHubWorking" */ = {
			isa = XCConfigurationList;
			buildConfigurations = (
				53ECE15A23E89D990043B921 /* Debug */,
				53ECE15B23E89D990043B921 /* Release */,
			);
			defaultConfigurationIsVisible = 0;
			defaultConfigurationName = Release;
		};
/* End XCConfigurationList section */
	};
	rootObject = 53ECE13923E89D960043B921 /* Project object */;
}
